
Microsoft Visual Studio Solution File, Format Version 12.00
# Visual Studio Version 17
VisualStudioVersion = 17.2.32317.152
MinimumVisualStudioVersion = 10.0.40219.1
Project("{2150E333-8FDC-42A3-9474-1A3956D46DE8}") = "tests", "tests", "{AD734CE5-AE72-4DAE-8DDC-8CE6668ED867}"
EndProject
Project("{9A19103F-16F7-4668-BE54-9A1E7A4F7556}") = "Selkhound.API", "src\Selkhound.API\Selkhound.API.csproj", "{AB9ACDE2-6A71-45EF-8A9D-4609BEDD18B7}"
EndProject
Project("{9A19103F-16F7-4668-BE54-9A1E7A4F7556}") = "Selkhound.API.Abstractions", "src\Selkhound.API.Abstractions\Selkhound.API.Abstractions.csproj", "{CE549658-DC1B-4198-AA78-2A5203DBDE22}"
EndProject
Project("{9A19103F-16F7-4668-BE54-9A1E7A4F7556}") = "Selkhound.Server", "src\Selkhound.Server\Selkhound.Server.csproj", "{6E81D4FD-3795-43AF-9359-D3A6F737D5B1}"
EndProject
Project("{2150E333-8FDC-42A3-9474-1A3956D46DE8}") = "Platforms", "Platforms", "{897FABB9-2C66-4700-BE84-CAB295AE5BFC}"
EndProject
Project("{FAE04EC0-301F-11D3-BF4B-00C04F79EFBC}") = "Selkhound.Client", "src\Selkhound.Client\Selkhound.Client\Selkhound.Client.csproj", "{822BFCDC-CBB8-47C9-9242-78E72C7E62F4}"
EndProject
Project("{FAE04EC0-301F-11D3-BF4B-00C04F79EFBC}") = "Selkhound.Client.Wasm", "src\Selkhound.Client\Selkhound.Client.Wasm\Selkhound.Client.Wasm.csproj", "{CAE3E6E3-A127-4315-B706-DAB292F7A57C}"
EndProject
Project("{FAE04EC0-301F-11D3-BF4B-00C04F79EFBC}") = "Selkhound.Client.Mobile", "src\Selkhound.Client\Selkhound.Client.Mobile\Selkhound.Client.Mobile.csproj", "{7F7DDF58-380D-4C8C-B280-0170AE6E0F06}"
EndProject
Project("{FAE04EC0-301F-11D3-BF4B-00C04F79EFBC}") = "Selkhound.Client.Skia.Gtk", "src\Selkhound.Client\Selkhound.Client.Skia.Gtk\Selkhound.Client.Skia.Gtk.csproj", "{4DB59F66-BC68-4184-BD07-730E25CF994F}"
EndProject
Project("{FAE04EC0-301F-11D3-BF4B-00C04F79EFBC}") = "Selkhound.Client.Windows", "src\Selkhound.Client\Selkhound.Client.Windows\Selkhound.Client.Windows.csproj", "{7974AE98-F646-4390-9D2F-847C11B78647}"
EndProject
Global
	GlobalSection(SolutionConfigurationPlatforms) = preSolution
		Debug|Any CPU = Debug|Any CPU
		Debug|arm64 = Debug|arm64
		Debug|x64 = Debug|x64
		Debug|x86 = Debug|x86
		Release|Any CPU = Release|Any CPU
		Release|arm64 = Release|arm64
		Release|x64 = Release|x64
		Release|x86 = Release|x86
	EndGlobalSection
	GlobalSection(ProjectConfigurationPlatforms) = postSolution
		{AB9ACDE2-6A71-45EF-8A9D-4609BEDD18B7}.Debug|Any CPU.ActiveCfg = Debug|Any CPU
		{AB9ACDE2-6A71-45EF-8A9D-4609BEDD18B7}.Debug|Any CPU.Build.0 = Debug|Any CPU
		{AB9ACDE2-6A71-45EF-8A9D-4609BEDD18B7}.Debug|arm64.ActiveCfg = Debug|Any CPU
		{AB9ACDE2-6A71-45EF-8A9D-4609BEDD18B7}.Debug|arm64.Build.0 = Debug|Any CPU
		{AB9ACDE2-6A71-45EF-8A9D-4609BEDD18B7}.Debug|x64.ActiveCfg = Debug|Any CPU
		{AB9ACDE2-6A71-45EF-8A9D-4609BEDD18B7}.Debug|x64.Build.0 = Debug|Any CPU
		{AB9ACDE2-6A71-45EF-8A9D-4609BEDD18B7}.Debug|x86.ActiveCfg = Debug|Any CPU
		{AB9ACDE2-6A71-45EF-8A9D-4609BEDD18B7}.Debug|x86.Build.0 = Debug|Any CPU
		{AB9ACDE2-6A71-45EF-8A9D-4609BEDD18B7}.Release|Any CPU.ActiveCfg = Release|Any CPU
		{AB9ACDE2-6A71-45EF-8A9D-4609BEDD18B7}.Release|Any CPU.Build.0 = Release|Any CPU
		{AB9ACDE2-6A71-45EF-8A9D-4609BEDD18B7}.Release|arm64.ActiveCfg = Release|Any CPU
		{AB9ACDE2-6A71-45EF-8A9D-4609BEDD18B7}.Release|arm64.Build.0 = Release|Any CPU
		{AB9ACDE2-6A71-45EF-8A9D-4609BEDD18B7}.Release|x64.ActiveCfg = Release|Any CPU
		{AB9ACDE2-6A71-45EF-8A9D-4609BEDD18B7}.Release|x64.Build.0 = Release|Any CPU
		{AB9ACDE2-6A71-45EF-8A9D-4609BEDD18B7}.Release|x86.ActiveCfg = Release|Any CPU
		{AB9ACDE2-6A71-45EF-8A9D-4609BEDD18B7}.Release|x86.Build.0 = Release|Any CPU
		{CE549658-DC1B-4198-AA78-2A5203DBDE22}.Debug|Any CPU.ActiveCfg = Debug|Any CPU
		{CE549658-DC1B-4198-AA78-2A5203DBDE22}.Debug|Any CPU.Build.0 = Debug|Any CPU
		{CE549658-DC1B-4198-AA78-2A5203DBDE22}.Debug|arm64.ActiveCfg = Debug|Any CPU
		{CE549658-DC1B-4198-AA78-2A5203DBDE22}.Debug|arm64.Build.0 = Debug|Any CPU
		{CE549658-DC1B-4198-AA78-2A5203DBDE22}.Debug|x64.ActiveCfg = Debug|Any CPU
		{CE549658-DC1B-4198-AA78-2A5203DBDE22}.Debug|x64.Build.0 = Debug|Any CPU
		{CE549658-DC1B-4198-AA78-2A5203DBDE22}.Debug|x86.ActiveCfg = Debug|Any CPU
		{CE549658-DC1B-4198-AA78-2A5203DBDE22}.Debug|x86.Build.0 = Debug|Any CPU
		{CE549658-DC1B-4198-AA78-2A5203DBDE22}.Release|Any CPU.ActiveCfg = Release|Any CPU
		{CE549658-DC1B-4198-AA78-2A5203DBDE22}.Release|Any CPU.Build.0 = Release|Any CPU
		{CE549658-DC1B-4198-AA78-2A5203DBDE22}.Release|arm64.ActiveCfg = Release|Any CPU
		{CE549658-DC1B-4198-AA78-2A5203DBDE22}.Release|arm64.Build.0 = Release|Any CPU
		{CE549658-DC1B-4198-AA78-2A5203DBDE22}.Release|x64.ActiveCfg = Release|Any CPU
		{CE549658-DC1B-4198-AA78-2A5203DBDE22}.Release|x64.Build.0 = Release|Any CPU
		{CE549658-DC1B-4198-AA78-2A5203DBDE22}.Release|x86.ActiveCfg = Release|Any CPU
		{CE549658-DC1B-4198-AA78-2A5203DBDE22}.Release|x86.Build.0 = Release|Any CPU
		{6E81D4FD-3795-43AF-9359-D3A6F737D5B1}.Debug|Any CPU.ActiveCfg = Debug|Any CPU
		{6E81D4FD-3795-43AF-9359-D3A6F737D5B1}.Debug|Any CPU.Build.0 = Debug|Any CPU
		{6E81D4FD-3795-43AF-9359-D3A6F737D5B1}.Debug|arm64.ActiveCfg = Debug|Any CPU
		{6E81D4FD-3795-43AF-9359-D3A6F737D5B1}.Debug|arm64.Build.0 = Debug|Any CPU
		{6E81D4FD-3795-43AF-9359-D3A6F737D5B1}.Debug|x64.ActiveCfg = Debug|Any CPU
		{6E81D4FD-3795-43AF-9359-D3A6F737D5B1}.Debug|x64.Build.0 = Debug|Any CPU
		{6E81D4FD-3795-43AF-9359-D3A6F737D5B1}.Debug|x86.ActiveCfg = Debug|Any CPU
		{6E81D4FD-3795-43AF-9359-D3A6F737D5B1}.Debug|x86.Build.0 = Debug|Any CPU
		{6E81D4FD-3795-43AF-9359-D3A6F737D5B1}.Release|Any CPU.ActiveCfg = Release|Any CPU
		{6E81D4FD-3795-43AF-9359-D3A6F737D5B1}.Release|Any CPU.Build.0 = Release|Any CPU
		{6E81D4FD-3795-43AF-9359-D3A6F737D5B1}.Release|arm64.ActiveCfg = Release|Any CPU
		{6E81D4FD-3795-43AF-9359-D3A6F737D5B1}.Release|arm64.Build.0 = Release|Any CPU
		{6E81D4FD-3795-43AF-9359-D3A6F737D5B1}.Release|x64.ActiveCfg = Release|Any CPU
		{6E81D4FD-3795-43AF-9359-D3A6F737D5B1}.Release|x64.Build.0 = Release|Any CPU
		{6E81D4FD-3795-43AF-9359-D3A6F737D5B1}.Release|x86.ActiveCfg = Release|Any CPU
		{6E81D4FD-3795-43AF-9359-D3A6F737D5B1}.Release|x86.Build.0 = Release|Any CPU
		{822BFCDC-CBB8-47C9-9242-78E72C7E62F4}.Debug|Any CPU.ActiveCfg = Debug|Any CPU
		{822BFCDC-CBB8-47C9-9242-78E72C7E62F4}.Debug|Any CPU.Build.0 = Debug|Any CPU
		{822BFCDC-CBB8-47C9-9242-78E72C7E62F4}.Debug|arm64.ActiveCfg = Debug|Any CPU
		{822BFCDC-CBB8-47C9-9242-78E72C7E62F4}.Debug|arm64.Build.0 = Debug|Any CPU
		{822BFCDC-CBB8-47C9-9242-78E72C7E62F4}.Debug|x64.ActiveCfg = Debug|Any CPU
		{822BFCDC-CBB8-47C9-9242-78E72C7E62F4}.Debug|x64.Build.0 = Debug|Any CPU
		{822BFCDC-CBB8-47C9-9242-78E72C7E62F4}.Debug|x86.ActiveCfg = Debug|Any CPU
		{822BFCDC-CBB8-47C9-9242-78E72C7E62F4}.Debug|x86.Build.0 = Debug|Any CPU
		{822BFCDC-CBB8-47C9-9242-78E72C7E62F4}.Release|Any CPU.ActiveCfg = Release|Any CPU
		{822BFCDC-CBB8-47C9-9242-78E72C7E62F4}.Release|Any CPU.Build.0 = Release|Any CPU
		{822BFCDC-CBB8-47C9-9242-78E72C7E62F4}.Release|arm64.ActiveCfg = Release|Any CPU
		{822BFCDC-CBB8-47C9-9242-78E72C7E62F4}.Release|arm64.Build.0 = Release|Any CPU
		{822BFCDC-CBB8-47C9-9242-78E72C7E62F4}.Release|x64.ActiveCfg = Release|Any CPU
		{822BFCDC-CBB8-47C9-9242-78E72C7E62F4}.Release|x64.Build.0 = Release|Any CPU
		{822BFCDC-CBB8-47C9-9242-78E72C7E62F4}.Release|x86.ActiveCfg = Release|Any CPU
		{822BFCDC-CBB8-47C9-9242-78E72C7E62F4}.Release|x86.Build.0 = Release|Any CPU
		{CAE3E6E3-A127-4315-B706-DAB292F7A57C}.Debug|Any CPU.ActiveCfg = Debug|Any CPU
		{CAE3E6E3-A127-4315-B706-DAB292F7A57C}.Debug|Any CPU.Build.0 = Debug|Any CPU
		{CAE3E6E3-A127-4315-B706-DAB292F7A57C}.Debug|arm64.ActiveCfg = Debug|Any CPU
		{CAE3E6E3-A127-4315-B706-DAB292F7A57C}.Debug|arm64.Build.0 = Debug|Any CPU
		{CAE3E6E3-A127-4315-B706-DAB292F7A57C}.Debug|x64.ActiveCfg = Debug|Any CPU
		{CAE3E6E3-A127-4315-B706-DAB292F7A57C}.Debug|x64.Build.0 = Debug|Any CPU
		{CAE3E6E3-A127-4315-B706-DAB292F7A57C}.Debug|x86.ActiveCfg = Debug|Any CPU
		{CAE3E6E3-A127-4315-B706-DAB292F7A57C}.Debug|x86.Build.0 = Debug|Any CPU
		{CAE3E6E3-A127-4315-B706-DAB292F7A57C}.Release|Any CPU.ActiveCfg = Release|Any CPU
		{CAE3E6E3-A127-4315-B706-DAB292F7A57C}.Release|Any CPU.Build.0 = Release|Any CPU
		{CAE3E6E3-A127-4315-B706-DAB292F7A57C}.Release|arm64.ActiveCfg = Release|Any CPU
		{CAE3E6E3-A127-4315-B706-DAB292F7A57C}.Release|arm64.Build.0 = Release|Any CPU
		{CAE3E6E3-A127-4315-B706-DAB292F7A57C}.Release|x64.ActiveCfg = Release|Any CPU
		{CAE3E6E3-A127-4315-B706-DAB292F7A57C}.Release|x64.Build.0 = Release|Any CPU
		{CAE3E6E3-A127-4315-B706-DAB292F7A57C}.Release|x86.ActiveCfg = Release|Any CPU
		{CAE3E6E3-A127-4315-B706-DAB292F7A57C}.Release|x86.Build.0 = Release|Any CPU
		{7F7DDF58-380D-4C8C-B280-0170AE6E0F06}.Debug|Any CPU.ActiveCfg = Debug|Any CPU
		{7F7DDF58-380D-4C8C-B280-0170AE6E0F06}.Debug|Any CPU.Build.0 = Debug|Any CPU
		{7F7DDF58-380D-4C8C-B280-0170AE6E0F06}.Debug|Any CPU.Deploy.0 = Debug|Any CPU
		{7F7DDF58-380D-4C8C-B280-0170AE6E0F06}.Debug|arm64.ActiveCfg = Debug|Any CPU
		{7F7DDF58-380D-4C8C-B280-0170AE6E0F06}.Debug|arm64.Build.0 = Debug|Any CPU
		{7F7DDF58-380D-4C8C-B280-0170AE6E0F06}.Debug|arm64.Deploy.0 = Debug|Any CPU
		{7F7DDF58-380D-4C8C-B280-0170AE6E0F06}.Debug|x64.ActiveCfg = Debug|Any CPU
		{7F7DDF58-380D-4C8C-B280-0170AE6E0F06}.Debug|x64.Build.0 = Debug|Any CPU
		{7F7DDF58-380D-4C8C-B280-0170AE6E0F06}.Debug|x64.Deploy.0 = Debug|Any CPU
		{7F7DDF58-380D-4C8C-B280-0170AE6E0F06}.Debug|x86.ActiveCfg = Debug|Any CPU
		{7F7DDF58-380D-4C8C-B280-0170AE6E0F06}.Debug|x86.Build.0 = Debug|Any CPU
		{7F7DDF58-380D-4C8C-B280-0170AE6E0F06}.Debug|x86.Deploy.0 = Debug|Any CPU
		{7F7DDF58-380D-4C8C-B280-0170AE6E0F06}.Release|Any CPU.ActiveCfg = Release|Any CPU
		{7F7DDF58-380D-4C8C-B280-0170AE6E0F06}.Release|Any CPU.Build.0 = Release|Any CPU
		{7F7DDF58-380D-4C8C-B280-0170AE6E0F06}.Release|Any CPU.Deploy.0 = Release|Any CPU
		{7F7DDF58-380D-4C8C-B280-0170AE6E0F06}.Release|arm64.ActiveCfg = Release|Any CPU
		{7F7DDF58-380D-4C8C-B280-0170AE6E0F06}.Release|arm64.Build.0 = Release|Any CPU
		{7F7DDF58-380D-4C8C-B280-0170AE6E0F06}.Release|arm64.Deploy.0 = Release|Any CPU
		{7F7DDF58-380D-4C8C-B280-0170AE6E0F06}.Release|x64.ActiveCfg = Release|Any CPU
		{7F7DDF58-380D-4C8C-B280-0170AE6E0F06}.Release|x64.Build.0 = Release|Any CPU
		{7F7DDF58-380D-4C8C-B280-0170AE6E0F06}.Release|x64.Deploy.0 = Release|Any CPU
		{7F7DDF58-380D-4C8C-B280-0170AE6E0F06}.Release|x86.ActiveCfg = Release|Any CPU
		{7F7DDF58-380D-4C8C-B280-0170AE6E0F06}.Release|x86.Build.0 = Release|Any CPU
		{7F7DDF58-380D-4C8C-B280-0170AE6E0F06}.Release|x86.Deploy.0 = Release|Any CPU
		{4DB59F66-BC68-4184-BD07-730E25CF994F}.Debug|Any CPU.ActiveCfg = Debug|Any CPU
		{4DB59F66-BC68-4184-BD07-730E25CF994F}.Debug|Any CPU.Build.0 = Debug|Any CPU
		{4DB59F66-BC68-4184-BD07-730E25CF994F}.Debug|arm64.ActiveCfg = Debug|Any CPU
		{4DB59F66-BC68-4184-BD07-730E25CF994F}.Debug|arm64.Build.0 = Debug|Any CPU
		{4DB59F66-BC68-4184-BD07-730E25CF994F}.Debug|x64.ActiveCfg = Debug|Any CPU
		{4DB59F66-BC68-4184-BD07-730E25CF994F}.Debug|x64.Build.0 = Debug|Any CPU
		{4DB59F66-BC68-4184-BD07-730E25CF994F}.Debug|x86.ActiveCfg = Debug|Any CPU
		{4DB59F66-BC68-4184-BD07-730E25CF994F}.Debug|x86.Build.0 = Debug|Any CPU
		{4DB59F66-BC68-4184-BD07-730E25CF994F}.Release|Any CPU.ActiveCfg = Release|Any CPU
		{4DB59F66-BC68-4184-BD07-730E25CF994F}.Release|Any CPU.Build.0 = Release|Any CPU
		{4DB59F66-BC68-4184-BD07-730E25CF994F}.Release|arm64.ActiveCfg = Release|Any CPU
		{4DB59F66-BC68-4184-BD07-730E25CF994F}.Release|arm64.Build.0 = Release|Any CPU
		{4DB59F66-BC68-4184-BD07-730E25CF994F}.Release|x64.ActiveCfg = Release|Any CPU
		{4DB59F66-BC68-4184-BD07-730E25CF994F}.Release|x64.Build.0 = Release|Any CPU
		{4DB59F66-BC68-4184-BD07-730E25CF994F}.Release|x86.ActiveCfg = Release|Any CPU
		{4DB59F66-BC68-4184-BD07-730E25CF994F}.Release|x86.Build.0 = Release|Any CPU
		{7974AE98-F646-4390-9D2F-847C11B78647}.Debug|Any CPU.ActiveCfg = Debug|x64
		{7974AE98-F646-4390-9D2F-847C11B78647}.Debug|Any CPU.Build.0 = Debug|x64
		{7974AE98-F646-4390-9D2F-847C11B78647}.Debug|Any CPU.Deploy.0 = Debug|x64
		{7974AE98-F646-4390-9D2F-847C11B78647}.Debug|arm64.ActiveCfg = Debug|arm64
		{7974AE98-F646-4390-9D2F-847C11B78647}.Debug|arm64.Build.0 = Debug|arm64
		{7974AE98-F646-4390-9D2F-847C11B78647}.Debug|arm64.Deploy.0 = Debug|arm64
		{7974AE98-F646-4390-9D2F-847C11B78647}.Debug|x64.ActiveCfg = Debug|x64
		{7974AE98-F646-4390-9D2F-847C11B78647}.Debug|x64.Build.0 = Debug|x64
		{7974AE98-F646-4390-9D2F-847C11B78647}.Debug|x64.Deploy.0 = Debug|x64
		{7974AE98-F646-4390-9D2F-847C11B78647}.Debug|x86.ActiveCfg = Debug|x86
		{7974AE98-F646-4390-9D2F-847C11B78647}.Debug|x86.Build.0 = Debug|x86
		{7974AE98-F646-4390-9D2F-847C11B78647}.Debug|x86.Deploy.0 = Debug|x86
		{7974AE98-F646-4390-9D2F-847C11B78647}.Release|Any CPU.ActiveCfg = Release|x64
		{7974AE98-F646-4390-9D2F-847C11B78647}.Release|Any CPU.Build.0 = Release|x64
		{7974AE98-F646-4390-9D2F-847C11B78647}.Release|Any CPU.Deploy.0 = Release|x64
		{7974AE98-F646-4390-9D2F-847C11B78647}.Release|arm64.ActiveCfg = Release|arm64
		{7974AE98-F646-4390-9D2F-847C11B78647}.Release|arm64.Build.0 = Release|arm64
		{7974AE98-F646-4390-9D2F-847C11B78647}.Release|arm64.Deploy.0 = Release|arm64
		{7974AE98-F646-4390-9D2F-847C11B78647}.Release|x64.ActiveCfg = Release|x64
		{7974AE98-F646-4390-9D2F-847C11B78647}.Release|x64.Build.0 = Release|x64
		{7974AE98-F646-4390-9D2F-847C11B78647}.Release|x64.Deploy.0 = Release|x64
		{7974AE98-F646-4390-9D2F-847C11B78647}.Release|x86.ActiveCfg = Release|x86
		{7974AE98-F646-4390-9D2F-847C11B78647}.Release|x86.Build.0 = Release|x86
		{7974AE98-F646-4390-9D2F-847C11B78647}.Release|x86.Deploy.0 = Release|x86
	EndGlobalSection
	GlobalSection(SolutionProperties) = preSolution
		HideSolutionNode = FALSE
	EndGlobalSection
	GlobalSection(NestedProjects) = preSolution
		{CAE3E6E3-A127-4315-B706-DAB292F7A57C} = {897FABB9-2C66-4700-BE84-CAB295AE5BFC}
		{7F7DDF58-380D-4C8C-B280-0170AE6E0F06} = {897FABB9-2C66-4700-BE84-CAB295AE5BFC}
		{4DB59F66-BC68-4184-BD07-730E25CF994F} = {897FABB9-2C66-4700-BE84-CAB295AE5BFC}
		{7974AE98-F646-4390-9D2F-847C11B78647} = {897FABB9-2C66-4700-BE84-CAB295AE5BFC}
	EndGlobalSection
	GlobalSection(ExtensibilityGlobals) = postSolution
		SolutionGuid = {01418888-16A1-442A-83B1-F01700AD6944}
	EndGlobalSection
EndGlobal
